
Microsoft Visual Studio Solution File, Format Version 12.00
# Visual Studio 15
VisualStudioVersion = 15.0.28010.2003
MinimumVisualStudioVersion = 10.0.40219.1
Project("{8BC9CEB8-8B4A-11D0-8D11-00A0C91BC942}") = "1_10_18", "1_10_18\1_10_18.vcxproj", "{EE6D75E8-A4CA-4364-96F9-8B25C963D3AF}"
EndProject
Global
	GlobalSection(SolutionConfigurationPlatforms) = preSolution
		Debug|x64 = Debug|x64
		Debug|x86 = Debug|x86
		Release|x64 = Release|x64
		Release|x86 = Release|x86
	EndGlobalSection
	GlobalSection(ProjectConfigurationPlatforms) = postSolution
		{EE6D75E8-A4CA-4364-96F9-8B25C963D3AF}.Debug|x64.ActiveCfg = Debug|x64
		{EE6D75E8-A4CA-4364-96F9-8B25C963D3AF}.Debug|x64.Build.0 = Debug|x64
		{EE6D75E8-A4CA-4364-96F9-8B25C963D3AF}.Debug|x86.ActiveCfg = Debug|Win32
		{EE6D75E8-A4CA-4364-96F9-8B25C963D3AF}.Debug|x86.Build.0 = Debug|Win32
		{EE6D75E8-A4CA-4364-96F9-8B25C963D3AF}.Release|x64.ActiveCfg = Release|x64
		{EE6D75E8-A4CA-4364-96F9-8B25C963D3AF}.Release|x64.Build.0 = Release|x64
		{EE6D75E8-A4CA-4364-96F9-8B25C963D3AF}.Release|x86.ActiveCfg = Release|Win32
		{EE6D75E8-A4CA-4364-96F9-8B25C963D3AF}.Release|x86.Build.0 = Release|Win32
	EndGlobalSection
	GlobalSection(SolutionProperties) = preSolution
		HideSolutionNode = FALSE
	EndGlobalSection
	GlobalSection(ExtensibilityGlobals) = postSolution
		SolutionGuid = {8D34BD11-31B3-4FDA-8D39-AFD2DF133859}
	EndGlobalSection
EndGlobal
